
Microsoft Visual Studio Solution File, Format Version 12.00
Project("{2150E333-8FDC-42A3-9474-1A3956D46DE8}") = "Identity", "Identity", "{394A9FA1-6EBF-4085-88C3-E38B8D675223}"
EndProject
Project("{FAE04EC0-301F-11D3-BF4B-00C04F79EFBC}") = "Identity.App", "Identity\Identity.App\Identity.App.csproj", "{A67C788B-F982-43D7-B6A3-163A90F4DBF0}"
EndProject
Project("{FAE04EC0-301F-11D3-BF4B-00C04F79EFBC}") = "Identity.Data", "Identity\Identity.Data\Identity.Data.csproj", "{7FD271B3-4ABA-4B4C-8224-2603C446E773}"
EndProject
Project("{FAE04EC0-301F-11D3-BF4B-00C04F79EFBC}") = "Identity.Core", "Identity\Identity.Core\Identity.Core.csproj", "{5B942BD8-B76B-4C78-A697-EE16A92F01BF}"
EndProject
Project("{2150E333-8FDC-42A3-9474-1A3956D46DE8}") = "utils", "utils", "{648ECFF0-5FDB-493C-87B8-FF1D785049DB}"
EndProject
Project("{FAE04EC0-301F-11D3-BF4B-00C04F79EFBC}") = "SmtpUtils", "utils\SmtpUtils\SmtpUtils.csproj", "{BECD93E8-F4DA-4F49-9D35-8854D8F008F5}"
EndProject
Project("{2150E333-8FDC-42A3-9474-1A3956D46DE8}") = "Releases", "Releases", "{CF57F00E-FEBB-4D73-9A9C-C5FA7775797A}"
EndProject
Project("{FAE04EC0-301F-11D3-BF4B-00C04F79EFBC}") = "Releases.App", "Releases\Releases.App\Releases.App.csproj", "{04C77319-C702-4B5A-BFBD-873638D46AB8}"
EndProject
Project("{FAE04EC0-301F-11D3-BF4B-00C04F79EFBC}") = "Releases.Core", "Releases\Releases.Core\Releases.Core.csproj", "{76D088A2-31CF-4AA5-AFEC-3528EB70B0D7}"
EndProject
Project("{FAE04EC0-301F-11D3-BF4B-00C04F79EFBC}") = "Releases.Data", "Releases\Releases.Data\Releases.Data.csproj", "{FCECE064-71CE-4246-A98F-FAD417927416}"
EndProject
Project("{FAE04EC0-301F-11D3-BF4B-00C04F79EFBC}") = "Releases.Primitives", "Releases\Releases.Primitives\Releases.Primitives.csproj", "{038B6C6A-E01F-4496-ADF3-0698322F6F9F}"
EndProject
Project("{FAE04EC0-301F-11D3-BF4B-00C04F79EFBC}") = "AmazonS3", "utils\AmazonS3\AmazonS3.csproj", "{E43CAA51-B393-4A4C-8E0A-20BD3703EF82}"
EndProject
Project("{FAE04EC0-301F-11D3-BF4B-00C04F79EFBC}") = "MinioUtils", "utils\MinioUtils\MinioUtils.csproj", "{8C969310-509E-45A0-9D2D-8423776964CA}"
EndProject
Global
	GlobalSection(SolutionConfigurationPlatforms) = preSolution
		Debug|Any CPU = Debug|Any CPU
		Release|Any CPU = Release|Any CPU
	EndGlobalSection
	GlobalSection(NestedProjects) = preSolution
		{A67C788B-F982-43D7-B6A3-163A90F4DBF0} = {394A9FA1-6EBF-4085-88C3-E38B8D675223}
		{7FD271B3-4ABA-4B4C-8224-2603C446E773} = {394A9FA1-6EBF-4085-88C3-E38B8D675223}
		{5B942BD8-B76B-4C78-A697-EE16A92F01BF} = {394A9FA1-6EBF-4085-88C3-E38B8D675223}
		{BECD93E8-F4DA-4F49-9D35-8854D8F008F5} = {648ECFF0-5FDB-493C-87B8-FF1D785049DB}
		{04C77319-C702-4B5A-BFBD-873638D46AB8} = {CF57F00E-FEBB-4D73-9A9C-C5FA7775797A}
		{76D088A2-31CF-4AA5-AFEC-3528EB70B0D7} = {CF57F00E-FEBB-4D73-9A9C-C5FA7775797A}
		{FCECE064-71CE-4246-A98F-FAD417927416} = {CF57F00E-FEBB-4D73-9A9C-C5FA7775797A}
		{038B6C6A-E01F-4496-ADF3-0698322F6F9F} = {CF57F00E-FEBB-4D73-9A9C-C5FA7775797A}
		{E43CAA51-B393-4A4C-8E0A-20BD3703EF82} = {648ECFF0-5FDB-493C-87B8-FF1D785049DB}
		{8C969310-509E-45A0-9D2D-8423776964CA} = {648ECFF0-5FDB-493C-87B8-FF1D785049DB}
	EndGlobalSection
	GlobalSection(ProjectConfigurationPlatforms) = postSolution
		{A67C788B-F982-43D7-B6A3-163A90F4DBF0}.Debug|Any CPU.ActiveCfg = Debug|Any CPU
		{A67C788B-F982-43D7-B6A3-163A90F4DBF0}.Debug|Any CPU.Build.0 = Debug|Any CPU
		{A67C788B-F982-43D7-B6A3-163A90F4DBF0}.Release|Any CPU.ActiveCfg = Release|Any CPU
		{A67C788B-F982-43D7-B6A3-163A90F4DBF0}.Release|Any CPU.Build.0 = Release|Any CPU
		{7FD271B3-4ABA-4B4C-8224-2603C446E773}.Debug|Any CPU.ActiveCfg = Debug|Any CPU
		{7FD271B3-4ABA-4B4C-8224-2603C446E773}.Debug|Any CPU.Build.0 = Debug|Any CPU
		{7FD271B3-4ABA-4B4C-8224-2603C446E773}.Release|Any CPU.ActiveCfg = Release|Any CPU
		{7FD271B3-4ABA-4B4C-8224-2603C446E773}.Release|Any CPU.Build.0 = Release|Any CPU
		{5B942BD8-B76B-4C78-A697-EE16A92F01BF}.Debug|Any CPU.ActiveCfg = Debug|Any CPU
		{5B942BD8-B76B-4C78-A697-EE16A92F01BF}.Debug|Any CPU.Build.0 = Debug|Any CPU
		{5B942BD8-B76B-4C78-A697-EE16A92F01BF}.Release|Any CPU.ActiveCfg = Release|Any CPU
		{5B942BD8-B76B-4C78-A697-EE16A92F01BF}.Release|Any CPU.Build.0 = Release|Any CPU
		{BECD93E8-F4DA-4F49-9D35-8854D8F008F5}.Debug|Any CPU.ActiveCfg = Debug|Any CPU
		{BECD93E8-F4DA-4F49-9D35-8854D8F008F5}.Debug|Any CPU.Build.0 = Debug|Any CPU
		{BECD93E8-F4DA-4F49-9D35-8854D8F008F5}.Release|Any CPU.ActiveCfg = Release|Any CPU
		{BECD93E8-F4DA-4F49-9D35-8854D8F008F5}.Release|Any CPU.Build.0 = Release|Any CPU
		{04C77319-C702-4B5A-BFBD-873638D46AB8}.Debug|Any CPU.ActiveCfg = Debug|Any CPU
		{04C77319-C702-4B5A-BFBD-873638D46AB8}.Debug|Any CPU.Build.0 = Debug|Any CPU
		{04C77319-C702-4B5A-BFBD-873638D46AB8}.Release|Any CPU.ActiveCfg = Release|Any CPU
		{04C77319-C702-4B5A-BFBD-873638D46AB8}.Release|Any CPU.Build.0 = Release|Any CPU
		{76D088A2-31CF-4AA5-AFEC-3528EB70B0D7}.Debug|Any CPU.ActiveCfg = Debug|Any CPU
		{76D088A2-31CF-4AA5-AFEC-3528EB70B0D7}.Debug|Any CPU.Build.0 = Debug|Any CPU
		{76D088A2-31CF-4AA5-AFEC-3528EB70B0D7}.Release|Any CPU.ActiveCfg = Release|Any CPU
		{76D088A2-31CF-4AA5-AFEC-3528EB70B0D7}.Release|Any CPU.Build.0 = Release|Any CPU
		{FCECE064-71CE-4246-A98F-FAD417927416}.Debug|Any CPU.ActiveCfg = Debug|Any CPU
		{FCECE064-71CE-4246-A98F-FAD417927416}.Debug|Any CPU.Build.0 = Debug|Any CPU
		{FCECE064-71CE-4246-A98F-FAD417927416}.Release|Any CPU.ActiveCfg = Release|Any CPU
		{FCECE064-71CE-4246-A98F-FAD417927416}.Release|Any CPU.Build.0 = Release|Any CPU
		{038B6C6A-E01F-4496-ADF3-0698322F6F9F}.Debug|Any CPU.ActiveCfg = Debug|Any CPU
		{038B6C6A-E01F-4496-ADF3-0698322F6F9F}.Debug|Any CPU.Build.0 = Debug|Any CPU
		{038B6C6A-E01F-4496-ADF3-0698322F6F9F}.Release|Any CPU.ActiveCfg = Release|Any CPU
		{038B6C6A-E01F-4496-ADF3-0698322F6F9F}.Release|Any CPU.Build.0 = Release|Any CPU
		{E43CAA51-B393-4A4C-8E0A-20BD3703EF82}.Debug|Any CPU.ActiveCfg = Debug|Any CPU
		{E43CAA51-B393-4A4C-8E0A-20BD3703EF82}.Debug|Any CPU.Build.0 = Debug|Any CPU
		{E43CAA51-B393-4A4C-8E0A-20BD3703EF82}.Release|Any CPU.ActiveCfg = Release|Any CPU
		{E43CAA51-B393-4A4C-8E0A-20BD3703EF82}.Release|Any CPU.Build.0 = Release|Any CPU
		{8C969310-509E-45A0-9D2D-8423776964CA}.Debug|Any CPU.ActiveCfg = Debug|Any CPU
		{8C969310-509E-45A0-9D2D-8423776964CA}.Debug|Any CPU.Build.0 = Debug|Any CPU
		{8C969310-509E-45A0-9D2D-8423776964CA}.Release|Any CPU.ActiveCfg = Release|Any CPU
		{8C969310-509E-45A0-9D2D-8423776964CA}.Release|Any CPU.Build.0 = Release|Any CPU
	EndGlobalSection
EndGlobal
